<?xml version="1.0" encoding="utf-8"?>
<Project ToolsVersion="4.0" xmlns="http://schemas.microsoft.com/developer/msbuild/2003">
  <ItemGroup>
    <Filter Include="Source Files">
      <UniqueIdentifier>{4FC737F1-C7A5-4376-A066-2A32D752A2FF}</UniqueIdentifier>
      <Extensions>cpp;c;cc;cxx;c++;cppm;ixx;def;odl;idl;hpj;bat;asm;asmx</Extensions>
    </Filter>
    <Filter Include="Header Files">
      <UniqueIdentifier>{93995380-89BD-4b04-88EB-625FBE52EBFB}</UniqueIdentifier>
      <Extensions>h;hh;hpp;hxx;h++;hm;inl;inc;ipp;xsd</Extensions>
    </Filter>
    <Filter Include="Resource Files">
      <UniqueIdentifier>{67DA6AB6-F800-4c08-8B7A-83BB121AAD01}</UniqueIdentifier>
      <Extensions>rc;ico;cur;bmp;dlg;rc2;rct;bin;rgs;gif;jpg;jpeg;jpe;resx;tiff;tif;png;wav;mfcribbon-ms</Extensions>
    </Filter>
  </ItemGroup>
  <ItemGroup>
    <ClInclude Include="header\framework.h">
      <Filter>Header Files</Filter>
    </ClInclude>
    <ClInclude Include="header\pch.h">
      <Filter>Header Files</Filter>
    </ClInclude>
    <ClInclude Include="include\private\event\event.hpp">
      <Filter>Header Files</Filter>
    </ClInclude>
    <ClInclude Include="include\private\event\value_event_wrapper.hpp">
      <Filter>Header Files</Filter>
    </ClInclude>
    <ClInclude Include="include\private\other\empty_pointer.hpp">
      <Filter>Header Files</Filter>
    </ClInclude>
    <ClInclude Include="include\private\value_mutex\shared_value_lock.hpp">
      <Filter>Header Files</Filter>
    </ClInclude>
    <ClInclude Include="include\private\value_mutex\unique_value_lock.hpp">
      <Filter>Header Files</Filter>
    </ClInclude>
    <ClInclude Include="include\private\value_mutex\value_mutex.hpp">
      <Filter>Header Files</Filter>
    </ClInclude>
    <ClInclude Include="include\private\other\version_number.hpp">
      <Filter>Header Files</Filter>
    </ClInclude>
    <ClInclude Include="include\value_mutex">
      <Filter>Header Files</Filter>
    </ClInclude>
    <ClInclude Include="include\compwolf_type_traits">
      <Filter>Header Files</Filter>
    </ClInclude>
    <ClInclude Include="include\empty_pointer">
      <Filter>Header Files</Filter>
    </ClInclude>
    <ClInclude Include="include\version_number">
      <Filter>Header Files</Filter>
    </ClInclude>
    <ClInclude Include="include\event">
      <Filter>Header Files</Filter>
    </ClInclude>
    <ClInclude Include="include\private\functional\index_function.hpp">
      <Filter>Header Files</Filter>
    </ClInclude>
    <ClInclude Include="include\compwolf_functional">
      <Filter>Header Files</Filter>
    </ClInclude>
    <ClInclude Include="include\private\type_traits\explicitly_convertible_to.hpp">
      <Filter>Header Files</Filter>
    </ClInclude>
    <ClInclude Include="include\private\type_traits\is_assignable.hpp">
      <Filter>Header Files</Filter>
    </ClInclude>
    <ClInclude Include="include\private\type_traits\type_list.hpp">
      <Filter>Header Files</Filter>
    </ClInclude>
    <ClInclude Include="include\private\other\enum_bitset.hpp">
      <Filter>Header Files</Filter>
    </ClInclude>
    <ClInclude Include="include\enum_bitset">
      <Filter>Header Files</Filter>
    </ClInclude>
    <ClInclude Include="include\private\type_traits\for_each.hpp">
      <Filter>Header Files</Filter>
    </ClInclude>
    <ClInclude Include="include\private\other\freeable.hpp">
      <Filter>Header Files</Filter>
    </ClInclude>
    <ClInclude Include="include\freeable">
      <Filter>Header Files</Filter>
    </ClInclude>
    <ClInclude Include="include\owned">
      <Filter>Header Files</Filter>
    </ClInclude>
    <ClInclude Include="include\private\other\owned.hpp">
      <Filter>Header Files</Filter>
    </ClInclude>
    <ClInclude Include="include\private\type_traits\dereferenceable_to.hpp">
      <Filter>Header Files</Filter>
    </ClInclude>
    <ClInclude Include="include\private\utility\int_literals.hpp">
      <Filter>Header Files</Filter>
    </ClInclude>
    <ClInclude Include="include\compwolf_utility">
      <Filter>Header Files</Filter>
    </ClInclude>
    <ClInclude Include="include\private\other\dimensions.hpp">
      <Filter>Header Files</Filter>
    </ClInclude>
    <ClInclude Include="include\dimensions">
      <Filter>Header Files</Filter>
    </ClInclude>
    <ClInclude Include="include\private\type_traits\type_value_pair.hpp">
      <Filter>Header Files</Filter>
    </ClInclude>
  </ItemGroup>
  <ItemGroup>
    <ClCompile Include="src\pch.cpp">
      <Filter>Source Files</Filter>
    </ClCompile>
    <ClCompile Include="src\empty_pointer.cpp">
      <Filter>Source Files</Filter>
    </ClCompile>
    <ClCompile Include="src\version_number.cpp">
      <Filter>Source Files</Filter>
    </ClCompile>
  </ItemGroup>
  <ItemGroup>
    <None Include="Project Settings Changes.md" />
  </ItemGroup>
</Project>