<?xml version="1.0" encoding="utf-8"?>
<Project ToolsVersion="4.0" xmlns="http://schemas.microsoft.com/developer/msbuild/2003">
  <ItemGroup>
    <Filter Include="Source Files">
      <UniqueIdentifier>{4FC737F1-C7A5-4376-A066-2A32D752A2FF}</UniqueIdentifier>
      <Extensions>cpp;c;cc;cxx;c++;cppm;ixx;def;odl;idl;hpj;bat;asm;asmx</Extensions>
    </Filter>
    <Filter Include="Header Files">
      <UniqueIdentifier>{93995380-89BD-4b04-88EB-625FBE52EBFB}</UniqueIdentifier>
      <Extensions>h;hh;hpp;hxx;h++;hm;inl;inc;ipp;xsd</Extensions>
    </Filter>
    <Filter Include="Resource Files">
      <UniqueIdentifier>{67DA6AB6-F800-4c08-8B7A-83BB121AAD01}</UniqueIdentifier>
      <Extensions>rc;ico;cur;bmp;dlg;rc2;rct;bin;rgs;gif;jpg;jpeg;jpe;resx;tiff;tif;png;wav;mfcribbon-ms</Extensions>
    </Filter>
  </ItemGroup>
  <ItemGroup>
    <ClInclude Include="header\framework.h">
      <Filter>Header Files</Filter>
    </ClInclude>
    <ClInclude Include="header\pch.h">
      <Filter>Header Files</Filter>
    </ClInclude>
    <ClInclude Include="header\compwolf_vulkan.hpp">
      <Filter>Header Files</Filter>
    </ClInclude>
    <ClInclude Include="include\private\window\window.hpp">
      <Filter>Header Files</Filter>
    </ClInclude>
    <ClInclude Include="include\private\other\vulkan_types.hpp">
      <Filter>Header Files</Filter>
    </ClInclude>
    <ClInclude Include="include\private\graphics\graphics_environment.hpp">
      <Filter>Header Files</Filter>
    </ClInclude>
    <ClInclude Include="include\graphics">
      <Filter>Header Files</Filter>
    </ClInclude>
    <ClInclude Include="include\vulkan_types">
      <Filter>Header Files</Filter>
    </ClInclude>
    <ClInclude Include="include\private\gpus\gpu_manager.hpp">
      <Filter>Header Files</Filter>
    </ClInclude>
    <ClInclude Include="include\private\gpus\gpu_connection.hpp">
      <Filter>Header Files</Filter>
    </ClInclude>
    <ClInclude Include="include\private\graphics\glfw_handle.hpp">
      <Filter>Header Files</Filter>
    </ClInclude>
    <ClInclude Include="include\private\graphics\vulkan_handle.hpp">
      <Filter>Header Files</Filter>
    </ClInclude>
    <ClInclude Include="include\private\graphics\vulkan_debug_handle.hpp">
      <Filter>Header Files</Filter>
    </ClInclude>
    <ClInclude Include="include\private\graphics\graphics_environment_settings.hpp">
      <Filter>Header Files</Filter>
    </ClInclude>
    <ClInclude Include="header\vulkan_debug_utils.hpp">
      <Filter>Header Files</Filter>
    </ClInclude>
    <ClInclude Include="include\private\gpu_programs\gpu_program_manager_settings.hpp">
      <Filter>Header Files</Filter>
    </ClInclude>
    <ClInclude Include="include\private\gpus\gpu_thread.hpp">
      <Filter>Header Files</Filter>
    </ClInclude>
    <ClInclude Include="header\present_device_info.hpp">
      <Filter>Header Files</Filter>
    </ClInclude>
    <ClInclude Include="include\private\window\window_surface.hpp">
      <Filter>Header Files</Filter>
    </ClInclude>
    <ClInclude Include="include\private\shaders\shader.hpp">
      <Filter>Header Files</Filter>
    </ClInclude>
    <ClInclude Include="include\gpu_programs">
      <Filter>Header Files</Filter>
    </ClInclude>
    <ClInclude Include="include\private\window\window_swapchain.hpp">
      <Filter>Header Files</Filter>
    </ClInclude>
    <ClInclude Include="include\private\gpu_programs\gpu_program_manager.hpp">
      <Filter>Header Files</Filter>
    </ClInclude>
    <ClInclude Include="include\window">
      <Filter>Header Files</Filter>
    </ClInclude>
    <ClInclude Include="include\gpus">
      <Filter>Header Files</Filter>
    </ClInclude>
    <ClInclude Include="include\private\gpu_programs\gpu_fence.hpp">
      <Filter>Header Files</Filter>
    </ClInclude>
    <ClInclude Include="include\private\gpu_programs\gpu_semaphore.hpp">
      <Filter>Header Files</Filter>
    </ClInclude>
    <ClInclude Include="include\private\window\window_user.hpp">
      <Filter>Header Files</Filter>
    </ClInclude>
    <ClInclude Include="header\shader_field_type.hpp">
      <Filter>Header Files</Filter>
    </ClInclude>
    <ClInclude Include="include\private\shaders\input_shader.hpp">
      <Filter>Header Files</Filter>
    </ClInclude>
    <ClInclude Include="include\private\shaders\primitive_shader_field.hpp">
      <Filter>Header Files</Filter>
    </ClInclude>
    <ClInclude Include="include\private\gpu_programs\gpu_program.hpp">
      <Filter>Header Files</Filter>
    </ClInclude>
    <ClInclude Include="include\private\window\window_settings.hpp">
      <Filter>Header Files</Filter>
    </ClInclude>
    <ClInclude Include="include\drawables">
      <Filter>Header Files</Filter>
    </ClInclude>
    <ClInclude Include="include\images">
      <Filter>Header Files</Filter>
    </ClInclude>
    <ClInclude Include="header\gpu_memory_type.hpp">
      <Filter>Header Files</Filter>
    </ClInclude>
    <ClInclude Include="include\private\gpus\gpu_thread_family.hpp">
      <Filter>Header Files</Filter>
    </ClInclude>
    <ClInclude Include="include\private\gpus\gpu_thread_type.hpp">
      <Filter>Header Files</Filter>
    </ClInclude>
    <ClInclude Include="include\private\gpu_programs\gpu_program_sync.hpp">
      <Filter>Header Files</Filter>
    </ClInclude>
    <ClInclude Include="include\private\window\window_rebuild_surface_parameters.hpp">
      <Filter>Header Files</Filter>
    </ClInclude>
    <ClInclude Include="include\private\window\swapchain_frame.hpp">
      <Filter>Header Files</Filter>
    </ClInclude>
    <ClInclude Include="include\shaders">
      <Filter>Header Files</Filter>
    </ClInclude>
    <ClInclude Include="include\private\shaders\shader_field_info.hpp">
      <Filter>Header Files</Filter>
    </ClInclude>
    <ClInclude Include="include\private\shaders\color.hpp">
      <Filter>Header Files</Filter>
    </ClInclude>
    <ClInclude Include="include\private\shaders\shader_field_info_handles.hpp">
      <Filter>Header Files</Filter>
    </ClInclude>
    <ClInclude Include="include\private\shaders\shader_field_info_offsets.hpp">
      <Filter>Header Files</Filter>
    </ClInclude>
    <ClInclude Include="include\private\shaders\new_shader_field.hpp">
      <Filter>Header Files</Filter>
    </ClInclude>
    <ClInclude Include="include\private\shaders\shader_int.hpp">
      <Filter>Header Files</Filter>
    </ClInclude>
    <ClInclude Include="include\private\gpu_buffers\base_gpu_buffer_allocator.hpp">
      <Filter>Header Files</Filter>
    </ClInclude>
    <ClInclude Include="include\private\gpu_buffers\base_gpu_buffer.hpp">
      <Filter>Header Files</Filter>
    </ClInclude>
    <ClInclude Include="include\gpu_buffers">
      <Filter>Header Files</Filter>
    </ClInclude>
    <ClInclude Include="include\private\gpu_buffers\gpu_buffer_access.hpp">
      <Filter>Header Files</Filter>
    </ClInclude>
    <ClInclude Include="include\private\gpu_buffers\gpu_buffer_single_access.hpp">
      <Filter>Header Files</Filter>
    </ClInclude>
    <ClInclude Include="include\private\gpu_buffers\gpu_vkBuffer_type.hpp">
      <Filter>Header Files</Filter>
    </ClInclude>
    <ClInclude Include="include\private\gpu_buffers\gpu_vkBuffer_allocator.hpp">
      <Filter>Header Files</Filter>
    </ClInclude>
    <ClInclude Include="include\private\gpu_buffers\gpu_index_buffer.hpp">
      <Filter>Header Files</Filter>
    </ClInclude>
    <ClInclude Include="include\private\gpu_buffers\gpu_input_buffer.hpp">
      <Filter>Header Files</Filter>
    </ClInclude>
    <ClInclude Include="include\private\gpu_buffers\gpu_field_buffer.hpp">
      <Filter>Header Files</Filter>
    </ClInclude>
    <ClInclude Include="include\private\gpu_buffers\gpu_image_allocator.hpp">
      <Filter>Header Files</Filter>
    </ClInclude>
    <ClInclude Include="include\private\gpu_buffers\gpu_image_buffer.hpp">
      <Filter>Header Files</Filter>
    </ClInclude>
    <ClInclude Include="include\private\gpu_programs\gpu_program_code_parameters.hpp">
      <Filter>Header Files</Filter>
    </ClInclude>
    <ClInclude Include="include\private\drawables\draw_material_settings.hpp">
      <Filter>Header Files</Filter>
    </ClInclude>
    <ClInclude Include="include\private\drawables\draw_material.hpp">
      <Filter>Header Files</Filter>
    </ClInclude>
    <ClInclude Include="include\private\drawables\draw_material_data.hpp">
      <Filter>Header Files</Filter>
    </ClInclude>
    <ClInclude Include="include\private\drawables\gpu_specific_material.hpp">
      <Filter>Header Files</Filter>
    </ClInclude>
    <ClInclude Include="include\private\drawables\window_specific_material.hpp">
      <Filter>Header Files</Filter>
    </ClInclude>
    <ClInclude Include="include\private\window\draw_code_parameters.hpp">
      <Filter>Header Files</Filter>
    </ClInclude>
    <ClInclude Include="include\private\drawables\drawable.hpp">
      <Filter>Header Files</Filter>
    </ClInclude>
  </ItemGroup>
  <ItemGroup>
    <ClCompile Include="src\pch.cpp">
      <Filter>Source Files</Filter>
    </ClCompile>
    <ClCompile Include="src\window.cpp">
      <Filter>Source Files</Filter>
    </ClCompile>
    <ClCompile Include="src\graphics_environment.cpp">
      <Filter>Source Files</Filter>
    </ClCompile>
    <ClCompile Include="src\gpu_manager.cpp">
      <Filter>Source Files</Filter>
    </ClCompile>
    <ClCompile Include="src\gpu_connection.cpp">
      <Filter>Source Files</Filter>
    </ClCompile>
    <ClCompile Include="src\glfw_handle.cpp">
      <Filter>Source Files</Filter>
    </ClCompile>
    <ClCompile Include="src\vulkan_debug_handle.cpp">
      <Filter>Source Files</Filter>
    </ClCompile>
    <ClCompile Include="src\vulkan_handle.cpp">
      <Filter>Source Files</Filter>
    </ClCompile>
    <ClCompile Include="src\present_device_info.cpp">
      <Filter>Source Files</Filter>
    </ClCompile>
    <ClCompile Include="src\window_surface.cpp">
      <Filter>Source Files</Filter>
    </ClCompile>
    <ClCompile Include="src\shader.cpp">
      <Filter>Source Files</Filter>
    </ClCompile>
    <ClCompile Include="src\window_swapchain.cpp">
      <Filter>Source Files</Filter>
    </ClCompile>
    <ClCompile Include="src\gpu_program_manager.cpp">
      <Filter>Source Files</Filter>
    </ClCompile>
    <ClCompile Include="src\gpu_fence.cpp">
      <Filter>Source Files</Filter>
    </ClCompile>
    <ClCompile Include="src\gpu_semaphore.cpp">
      <Filter>Source Files</Filter>
    </ClCompile>
    <ClCompile Include="src\window_user.cpp">
      <Filter>Source Files</Filter>
    </ClCompile>
    <ClCompile Include="src\primitive_shader_field.cpp">
      <Filter>Source Files</Filter>
    </ClCompile>
    <ClCompile Include="src\gpu_program.cpp">
      <Filter>Source Files</Filter>
    </ClCompile>
    <ClCompile Include="src\gpu_vkBuffer_allocator.cpp">
      <Filter>Source Files</Filter>
    </ClCompile>
    <ClCompile Include="src\gpu_image_allocator.cpp">
      <Filter>Source Files</Filter>
    </ClCompile>
    <ClCompile Include="src\gpu_image_buffer.cpp">
      <Filter>Source Files</Filter>
    </ClCompile>
    <ClCompile Include="src\base_gpu_buffer.cpp">
      <Filter>Source Files</Filter>
    </ClCompile>
    <ClCompile Include="src\gpu_specific_material.cpp">
      <Filter>Source Files</Filter>
    </ClCompile>
    <ClCompile Include="src\window_specific_material.cpp">
      <Filter>Source Files</Filter>
    </ClCompile>
    <ClCompile Include="src\drawable.cpp">
      <Filter>Source Files</Filter>
    </ClCompile>
  </ItemGroup>
  <ItemGroup>
    <Text Include="Project Settings Changes.md" />
  </ItemGroup>
</Project>