<?xml version="1.0" encoding="utf-8"?>
<Project ToolsVersion="4.0" xmlns="http://schemas.microsoft.com/developer/msbuild/2003">
  <ItemGroup>
    <Filter Include="Source Files">
      <UniqueIdentifier>{4FC737F1-C7A5-4376-A066-2A32D752A2FF}</UniqueIdentifier>
      <Extensions>cpp;c;cc;cxx;c++;cppm;ixx;def;odl;idl;hpj;bat;asm;asmx</Extensions>
    </Filter>
    <Filter Include="Header Files">
      <UniqueIdentifier>{93995380-89BD-4b04-88EB-625FBE52EBFB}</UniqueIdentifier>
      <Extensions>h;hh;hpp;hxx;h++;hm;inl;inc;ipp;xsd</Extensions>
    </Filter>
    <Filter Include="Resource Files">
      <UniqueIdentifier>{67DA6AB6-F800-4c08-8B7A-83BB121AAD01}</UniqueIdentifier>
      <Extensions>rc;ico;cur;bmp;dlg;rc2;rct;bin;rgs;gif;jpg;jpeg;jpe;resx;tiff;tif;png;wav;mfcribbon-ms</Extensions>
    </Filter>
  </ItemGroup>
  <ItemGroup>
    <ClInclude Include="header\framework.h">
      <Filter>Header Files</Filter>
    </ClInclude>
    <ClInclude Include="header\pch.h">
      <Filter>Header Files</Filter>
    </ClInclude>
    <ClInclude Include="header\compwolf_vulkan.hpp">
      <Filter>Header Files</Filter>
    </ClInclude>
    <ClInclude Include="include\private\window\window.hpp">
      <Filter>Header Files</Filter>
    </ClInclude>
    <ClInclude Include="include\private\other\vulkan_types.hpp">
      <Filter>Header Files</Filter>
    </ClInclude>
    <ClInclude Include="include\private\graphics\graphics_environment.hpp">
      <Filter>Header Files</Filter>
    </ClInclude>
    <ClInclude Include="include\graphics">
      <Filter>Header Files</Filter>
    </ClInclude>
    <ClInclude Include="include\vulkan_types">
      <Filter>Header Files</Filter>
    </ClInclude>
    <ClInclude Include="include\private\gpu\gpu_manager.hpp">
      <Filter>Header Files</Filter>
    </ClInclude>
    <ClInclude Include="include\private\gpu\gpu.hpp">
      <Filter>Header Files</Filter>
    </ClInclude>
    <ClInclude Include="include\private\graphics\glfw_handle.hpp">
      <Filter>Header Files</Filter>
    </ClInclude>
    <ClInclude Include="include\private\graphics\vulkan_handle.hpp">
      <Filter>Header Files</Filter>
    </ClInclude>
    <ClInclude Include="include\private\graphics\vulkan_debug_handle.hpp">
      <Filter>Header Files</Filter>
    </ClInclude>
    <ClInclude Include="include\private\graphics\graphics_environment_settings.hpp">
      <Filter>Header Files</Filter>
    </ClInclude>
    <ClInclude Include="header\vulkan_debug_utils.hpp">
      <Filter>Header Files</Filter>
    </ClInclude>
    <ClInclude Include="include\private\gpu\gpu_job_settings.hpp">
      <Filter>Header Files</Filter>
    </ClInclude>
    <ClInclude Include="include\private\gpu\gpu_thread.hpp">
      <Filter>Header Files</Filter>
    </ClInclude>
    <ClInclude Include="header\present_device_info.hpp">
      <Filter>Header Files</Filter>
    </ClInclude>
    <ClInclude Include="include\private\window\window_surface.hpp">
      <Filter>Header Files</Filter>
    </ClInclude>
    <ClInclude Include="include\private\shader\shader.hpp">
      <Filter>Header Files</Filter>
    </ClInclude>
    <ClInclude Include="include\shader">
      <Filter>Header Files</Filter>
    </ClInclude>
    <ClInclude Include="include\private\window\window_swapchain.hpp">
      <Filter>Header Files</Filter>
    </ClInclude>
    <ClInclude Include="include\private\gpu\gpu_job.hpp">
      <Filter>Header Files</Filter>
    </ClInclude>
    <ClInclude Include="include\window">
      <Filter>Header Files</Filter>
    </ClInclude>
    <ClInclude Include="include\gpu">
      <Filter>Header Files</Filter>
    </ClInclude>
    <ClInclude Include="include\private\gpu\gpu_fence.hpp">
      <Filter>Header Files</Filter>
    </ClInclude>
    <ClInclude Include="include\private\gpu\gpu_semaphore.hpp">
      <Filter>Header Files</Filter>
    </ClInclude>
    <ClInclude Include="include\private\window\window_user.hpp">
      <Filter>Header Files</Filter>
    </ClInclude>
    <ClInclude Include="include\private\shader\shader_field.hpp">
      <Filter>Header Files</Filter>
    </ClInclude>
    <ClInclude Include="header\shader_field_type.hpp">
      <Filter>Header Files</Filter>
    </ClInclude>
    <ClInclude Include="include\private\shader\vertex_shader.hpp">
      <Filter>Header Files</Filter>
    </ClInclude>
    <ClInclude Include="include\private\shader\gpu_buffer.hpp">
      <Filter>Header Files</Filter>
    </ClInclude>
    <ClInclude Include="include\private\shader\shader_field\shader_field_info.hpp">
      <Filter>Header Files</Filter>
    </ClInclude>
    <ClInclude Include="include\private\shader\shader_field\primitive_shader_field.hpp">
      <Filter>Header Files</Filter>
    </ClInclude>
    <ClInclude Include="include\private\shader\shader_field\combine_shader_fields.hpp">
      <Filter>Header Files</Filter>
    </ClInclude>
    <ClInclude Include="include\private\shader\shader_field\shader_field_info_extractor.hpp">
      <Filter>Header Files</Filter>
    </ClInclude>
    <ClInclude Include="include\private\shader\gpu_program.hpp">
      <Filter>Header Files</Filter>
    </ClInclude>
    <ClInclude Include="include\private\gpu\command_pool.hpp">
      <Filter>Header Files</Filter>
    </ClInclude>
    <ClInclude Include="include\private\shader\draw_command.hpp">
      <Filter>Header Files</Filter>
    </ClInclude>
    <ClInclude Include="include\private\shader\draw_pipeline.hpp">
      <Filter>Header Files</Filter>
    </ClInclude>
    <ClInclude Include="include\private\shader\draw_program.hpp">
      <Filter>Header Files</Filter>
    </ClInclude>
    <ClInclude Include="include\private\window\window_settings.hpp">
      <Filter>Header Files</Filter>
    </ClInclude>
  </ItemGroup>
  <ItemGroup>
    <ClCompile Include="src\pch.cpp">
      <Filter>Source Files</Filter>
    </ClCompile>
    <ClCompile Include="src\window.cpp">
      <Filter>Source Files</Filter>
    </ClCompile>
    <ClCompile Include="src\graphics_environment.cpp">
      <Filter>Source Files</Filter>
    </ClCompile>
    <ClCompile Include="src\gpu_manager.cpp">
      <Filter>Source Files</Filter>
    </ClCompile>
    <ClCompile Include="src\gpu.cpp">
      <Filter>Source Files</Filter>
    </ClCompile>
    <ClCompile Include="src\glfw_handle.cpp">
      <Filter>Source Files</Filter>
    </ClCompile>
    <ClCompile Include="src\vulkan_debug_handle.cpp">
      <Filter>Source Files</Filter>
    </ClCompile>
    <ClCompile Include="src\vulkan_handle.cpp">
      <Filter>Source Files</Filter>
    </ClCompile>
    <ClCompile Include="src\present_device_info.cpp">
      <Filter>Source Files</Filter>
    </ClCompile>
    <ClCompile Include="src\window_surface.cpp">
      <Filter>Source Files</Filter>
    </ClCompile>
    <ClCompile Include="src\shader.cpp">
      <Filter>Source Files</Filter>
    </ClCompile>
    <ClCompile Include="src\window_swapchain.cpp">
      <Filter>Source Files</Filter>
    </ClCompile>
    <ClCompile Include="src\gpu_job.cpp">
      <Filter>Source Files</Filter>
    </ClCompile>
    <ClCompile Include="src\gpu_fence.cpp">
      <Filter>Source Files</Filter>
    </ClCompile>
    <ClCompile Include="src\gpu_semaphore.cpp">
      <Filter>Source Files</Filter>
    </ClCompile>
    <ClCompile Include="src\window_user.cpp">
      <Filter>Source Files</Filter>
    </ClCompile>
    <ClCompile Include="src\shader_field.cpp">
      <Filter>Source Files</Filter>
    </ClCompile>
    <ClCompile Include="src\gpu_buffer.cpp">
      <Filter>Source Files</Filter>
    </ClCompile>
    <ClCompile Include="src\gpu_program.cpp">
      <Filter>Source Files</Filter>
    </ClCompile>
    <ClCompile Include="src\command_pool.cpp">
      <Filter>Source Files</Filter>
    </ClCompile>
    <ClCompile Include="src\draw_command.cpp">
      <Filter>Source Files</Filter>
    </ClCompile>
    <ClCompile Include="src\draw_pipeline.cpp">
      <Filter>Source Files</Filter>
    </ClCompile>
    <ClCompile Include="src\draw_program.cpp">
      <Filter>Source Files</Filter>
    </ClCompile>
  </ItemGroup>
  <ItemGroup>
    <Text Include="Project Settings Changes.md" />
  </ItemGroup>
</Project>